
Microsoft Visual Studio Solution File, Format Version 12.00
# Visual Studio 15
VisualStudioVersion = 15.0.28307.779
MinimumVisualStudioVersion = 10.0.40219.1
Project("{FAE04EC0-301F-11D3-BF4B-00C04F79EFBC}") = "OrderManager.Lib", "OrderManager.Lib\OrderManager.Lib.csproj", "{65CE7ADA-CA16-4DAE-8EF9-D7CD9EDEA267}"
EndProject
Project("{FAE04EC0-301F-11D3-BF4B-00C04F79EFBC}") = "OrderManager.App", "OrderManager.App\OrderManager.App.csproj", "{F62BF841-652C-4595-949C-1EB0F839503D}"
EndProject
Project("{FAE04EC0-301F-11D3-BF4B-00C04F79EFBC}") = "OrderManager.ManualTest", "OrderManager.ManualTest\OrderManager.ManualTest.csproj", "{09D69526-CEE6-4374-A6EF-8461F43F2C6B}"
EndProject
Global
	GlobalSection(SolutionConfigurationPlatforms) = preSolution
		Debug|Any CPU = Debug|Any CPU
		Release|Any CPU = Release|Any CPU
	EndGlobalSection
	GlobalSection(ProjectConfigurationPlatforms) = postSolution
		{65CE7ADA-CA16-4DAE-8EF9-D7CD9EDEA267}.Debug|Any CPU.ActiveCfg = Debug|Any CPU
		{65CE7ADA-CA16-4DAE-8EF9-D7CD9EDEA267}.Debug|Any CPU.Build.0 = Debug|Any CPU
		{65CE7ADA-CA16-4DAE-8EF9-D7CD9EDEA267}.Release|Any CPU.ActiveCfg = Release|Any CPU
		{65CE7ADA-CA16-4DAE-8EF9-D7CD9EDEA267}.Release|Any CPU.Build.0 = Release|Any CPU
		{F62BF841-652C-4595-949C-1EB0F839503D}.Debug|Any CPU.ActiveCfg = Debug|Any CPU
		{F62BF841-652C-4595-949C-1EB0F839503D}.Debug|Any CPU.Build.0 = Debug|Any CPU
		{F62BF841-652C-4595-949C-1EB0F839503D}.Release|Any CPU.ActiveCfg = Release|Any CPU
		{F62BF841-652C-4595-949C-1EB0F839503D}.Release|Any CPU.Build.0 = Release|Any CPU
		{09D69526-CEE6-4374-A6EF-8461F43F2C6B}.Debug|Any CPU.ActiveCfg = Debug|Any CPU
		{09D69526-CEE6-4374-A6EF-8461F43F2C6B}.Debug|Any CPU.Build.0 = Debug|Any CPU
		{09D69526-CEE6-4374-A6EF-8461F43F2C6B}.Release|Any CPU.ActiveCfg = Release|Any CPU
		{09D69526-CEE6-4374-A6EF-8461F43F2C6B}.Release|Any CPU.Build.0 = Release|Any CPU
	EndGlobalSection
	GlobalSection(SolutionProperties) = preSolution
		HideSolutionNode = FALSE
	EndGlobalSection
	GlobalSection(ExtensibilityGlobals) = postSolution
		SolutionGuid = {3B4270A5-F21F-458D-A9F4-2C7515CCE781}
	EndGlobalSection
EndGlobal
